
Microsoft Visual Studio Solution File, Format Version 12.00
# Visual Studio 2012
Project("{FAE04EC0-301F-11D3-BF4B-00C04F79EFBC}") = "SimpleSite", "SimpleSite\SimpleSite.csproj", "{D9C2EAF1-F498-4B31-96A8-93ADA225E90D}"
EndProject
Global
	GlobalSection(SolutionConfigurationPlatforms) = preSolution
		Debug|Any CPU = Debug|Any CPU
		Release|Any CPU = Release|Any CPU
	EndGlobalSection
	GlobalSection(ProjectConfigurationPlatforms) = postSolution
		{D9C2EAF1-F498-4B31-96A8-93ADA225E90D}.Debug|Any CPU.ActiveCfg = Debug|Any CPU
		{D9C2EAF1-F498-4B31-96A8-93ADA225E90D}.Debug|Any CPU.Build.0 = Debug|Any CPU
		{D9C2EAF1-F498-4B31-96A8-93ADA225E90D}.Release|Any CPU.ActiveCfg = Release|Any CPU
		{D9C2EAF1-F498-4B31-96A8-93ADA225E90D}.Release|Any CPU.Build.0 = Release|Any CPU
	EndGlobalSection
	GlobalSection(SolutionProperties) = preSolution
		HideSolutionNode = FALSE
	EndGlobalSection
EndGlobal
